// !$*UTF8*$!
{
	archiveVersion = 1;
	classes = {
	};
	objectVersion = 55;
	objects = {

/* Begin PBXBuildFile section */
		185030D927F82DA500C87B8A /* ImageDataJsonFile.json in Resources */ = {isa = PBXBuildFile; fileRef = 185030D827F82DA500C87B8A /* ImageDataJsonFile.json */; };
		185030DB27F8303E00C87B8A /* ImageDataModel.swift in Sources */ = {isa = PBXBuildFile; fileRef = 185030DA27F8303E00C87B8A /* ImageDataModel.swift */; };
		185030DD27F8310200C87B8A /* ViewModel.swift in Sources */ = {isa = PBXBuildFile; fileRef = 185030DC27F8310200C87B8A /* ViewModel.swift */; };
		186B273F27F734790049B73B /* AppDelegate.swift in Sources */ = {isa = PBXBuildFile; fileRef = 186B273E27F734790049B73B /* AppDelegate.swift */; };
		186B274127F734790049B73B /* SceneDelegate.swift in Sources */ = {isa = PBXBuildFile; fileRef = 186B274027F734790049B73B /* SceneDelegate.swift */; };
		186B274327F734790049B73B /* ViewController.swift in Sources */ = {isa = PBXBuildFile; fileRef = 186B274227F734790049B73B /* ViewController.swift */; };
		186B274627F734790049B73B /* Main.storyboard in Resources */ = {isa = PBXBuildFile; fileRef = 186B274427F734790049B73B /* Main.storyboard */; };
		186B274827F7347A0049B73B /* Assets.xcassets in Resources */ = {isa = PBXBuildFile; fileRef = 186B274727F7347A0049B73B /* Assets.xcassets */; };
		186B274B27F7347A0049B73B /* LaunchScreen.storyboard in Resources */ = {isa = PBXBuildFile; fileRef = 186B274927F7347A0049B73B /* LaunchScreen.storyboard */; };
		186B275327F73C8E0049B73B /* LanguageConstantModelProtocol.swift in Sources */ = {isa = PBXBuildFile; fileRef = 186B275227F73C8E0049B73B /* LanguageConstantModelProtocol.swift */; };
		186B275527F746E70049B73B /* image_TableViewCell.swift in Sources */ = {isa = PBXBuildFile; fileRef = 186B275427F746E60049B73B /* image_TableViewCell.swift */; };
		186B275727F746FD0049B73B /* image_CollectionViewCell.swift in Sources */ = {isa = PBXBuildFile; fileRef = 186B275627F746FD0049B73B /* image_CollectionViewCell.swift */; };
		24A74A2B6F99DBAF5C734EEA /* Pods_AppIncubatorDemo.framework in Frameworks */ = {isa = PBXBuildFile; fileRef = 9C45310CF116A32DF58E300E /* Pods_AppIncubatorDemo.framework */; };
/* End PBXBuildFile section */

/* Begin PBXFileReference section */
		185030D827F82DA500C87B8A /* ImageDataJsonFile.json */ = {isa = PBXFileReference; fileEncoding = 4; lastKnownFileType = text.json; path = ImageDataJsonFile.json; sourceTree = "<group>"; xcLanguageSpecificationIdentifier = xcode.lang.json; };
		185030DA27F8303E00C87B8A /* ImageDataModel.swift */ = {isa = PBXFileReference; fileEncoding = 4; lastKnownFileType = sourcecode.swift; path = ImageDataModel.swift; sourceTree = "<group>"; };
		185030DC27F8310200C87B8A /* ViewModel.swift */ = {isa = PBXFileReference; fileEncoding = 4; lastKnownFileType = sourcecode.swift; path = ViewModel.swift; sourceTree = "<group>"; };
		186B273B27F734790049B73B /* AppIncubatorDemo.app */ = {isa = PBXFileReference; explicitFileType = wrapper.application; includeInIndex = 0; path = AppIncubatorDemo.app; sourceTree = BUILT_PRODUCTS_DIR; };
		186B273E27F734790049B73B /* AppDelegate.swift */ = {isa = PBXFileReference; lastKnownFileType = sourcecode.swift; path = AppDelegate.swift; sourceTree = "<group>"; };
		186B274027F734790049B73B /* SceneDelegate.swift */ = {isa = PBXFileReference; lastKnownFileType = sourcecode.swift; path = SceneDelegate.swift; sourceTree = "<group>"; };
		186B274227F734790049B73B /* ViewController.swift */ = {isa = PBXFileReference; lastKnownFileType = sourcecode.swift; path = ViewController.swift; sourceTree = "<group>"; };
		186B274527F734790049B73B /* Base */ = {isa = PBXFileReference; lastKnownFileType = file.storyboard; name = Base; path = Base.lproj/Main.storyboard; sourceTree = "<group>"; };
		186B274727F7347A0049B73B /* Assets.xcassets */ = {isa = PBXFileReference; lastKnownFileType = folder.assetcatalog; path = Assets.xcassets; sourceTree = "<group>"; };
		186B274A27F7347A0049B73B /* Base */ = {isa = PBXFileReference; lastKnownFileType = file.storyboard; name = Base; path = Base.lproj/LaunchScreen.storyboard; sourceTree = "<group>"; };
		186B274C27F7347A0049B73B /* Info.plist */ = {isa = PBXFileReference; lastKnownFileType = text.plist.xml; path = Info.plist; sourceTree = "<group>"; };
		186B275227F73C8E0049B73B /* LanguageConstantModelProtocol.swift */ = {isa = PBXFileReference; fileEncoding = 4; lastKnownFileType = sourcecode.swift; path = LanguageConstantModelProtocol.swift; sourceTree = "<group>"; };
		186B275427F746E60049B73B /* image_TableViewCell.swift */ = {isa = PBXFileReference; lastKnownFileType = sourcecode.swift; path = image_TableViewCell.swift; sourceTree = "<group>"; };
		186B275627F746FD0049B73B /* image_CollectionViewCell.swift */ = {isa = PBXFileReference; lastKnownFileType = sourcecode.swift; path = image_CollectionViewCell.swift; sourceTree = "<group>"; };
		33D489AC6F7EBADB75A132DE /* Pods-AppIncubatorDemo.debug.xcconfig */ = {isa = PBXFileReference; includeInIndex = 1; lastKnownFileType = text.xcconfig; name = "Pods-AppIncubatorDemo.debug.xcconfig"; path = "Target Support Files/Pods-AppIncubatorDemo/Pods-AppIncubatorDemo.debug.xcconfig"; sourceTree = "<group>"; };
		5386890B0652A031497B314C /* Pods-AppIncubatorDemo.release.xcconfig */ = {isa = PBXFileReference; includeInIndex = 1; lastKnownFileType = text.xcconfig; name = "Pods-AppIncubatorDemo.release.xcconfig"; path = "Target Support Files/Pods-AppIncubatorDemo/Pods-AppIncubatorDemo.release.xcconfig"; sourceTree = "<group>"; };
		9C45310CF116A32DF58E300E /* Pods_AppIncubatorDemo.framework */ = {isa = PBXFileReference; explicitFileType = wrapper.framework; includeInIndex = 0; path = Pods_AppIncubatorDemo.framework; sourceTree = BUILT_PRODUCTS_DIR; };
/* End PBXFileReference section */

/* Begin PBXFrameworksBuildPhase section */
		186B273827F734790049B73B /* Frameworks */ = {
			isa = PBXFrameworksBuildPhase;
			buildActionMask = 2147483647;
			files = (
				24A74A2B6F99DBAF5C734EEA /* Pods_AppIncubatorDemo.framework in Frameworks */,
			);
			runOnlyForDeploymentPostprocessing = 0;
		};
/* End PBXFrameworksBuildPhase section */

/* Begin PBXGroup section */
		185030DE27F835FF00C87B8A /* View Controller */ = {
			isa = PBXGroup;
			children = (
				186B274227F734790049B73B /* ViewController.swift */,
				186B275427F746E60049B73B /* image_TableViewCell.swift */,
				186B275627F746FD0049B73B /* image_CollectionViewCell.swift */,
			);
			path = "View Controller";
			sourceTree = "<group>";
		};
		185030DF27F8360800C87B8A /* Language Class */ = {
			isa = PBXGroup;
			children = (
				186B275227F73C8E0049B73B /* LanguageConstantModelProtocol.swift */,
			);
			path = "Language Class";
			sourceTree = "<group>";
		};
		185030E027F8361900C87B8A /* View Model  */ = {
			isa = PBXGroup;
			children = (
				185030DC27F8310200C87B8A /* ViewModel.swift */,
			);
			path = "View Model ";
			sourceTree = "<group>";
		};
		185030E127F8362200C87B8A /* Model class */ = {
			isa = PBXGroup;
			children = (
				185030DA27F8303E00C87B8A /* ImageDataModel.swift */,
			);
			path = "Model class";
			sourceTree = "<group>";
		};
		185030E227F8362900C87B8A /* Json File */ = {
			isa = PBXGroup;
			children = (
				185030D827F82DA500C87B8A /* ImageDataJsonFile.json */,
			);
			path = "Json File";
			sourceTree = "<group>";
		};
		185030E327F8365000C87B8A /* App delegate */ = {
			isa = PBXGroup;
			children = (
				186B273E27F734790049B73B /* AppDelegate.swift */,
				186B274027F734790049B73B /* SceneDelegate.swift */,
			);
			path = "App delegate";
			sourceTree = "<group>";
		};
		186B273227F734790049B73B = {
			isa = PBXGroup;
			children = (
				186B273D27F734790049B73B /* AppIncubatorDemo */,
				186B273C27F734790049B73B /* Products */,
				CE6BDEB1F29595BE918605D8 /* Pods */,
				1FE86400EFDD31860B923528 /* Frameworks */,
			);
			sourceTree = "<group>";
		};
		186B273C27F734790049B73B /* Products */ = {
			isa = PBXGroup;
			children = (
				186B273B27F734790049B73B /* AppIncubatorDemo.app */,
			);
			name = Products;
			sourceTree = "<group>";
		};
		186B273D27F734790049B73B /* AppIncubatorDemo */ = {
			isa = PBXGroup;
			children = (
				185030E327F8365000C87B8A /* App delegate */,
				185030E227F8362900C87B8A /* Json File */,
				185030E127F8362200C87B8A /* Model class */,
				185030E027F8361900C87B8A /* View Model  */,
				185030DF27F8360800C87B8A /* Language Class */,
				185030DE27F835FF00C87B8A /* View Controller */,
				186B274427F734790049B73B /* Main.storyboard */,
				186B274727F7347A0049B73B /* Assets.xcassets */,
				186B274927F7347A0049B73B /* LaunchScreen.storyboard */,
				186B274C27F7347A0049B73B /* Info.plist */,
			);
			path = AppIncubatorDemo;
			sourceTree = "<group>";
		};
		1FE86400EFDD31860B923528 /* Frameworks */ = {
			isa = PBXGroup;
			children = (
				9C45310CF116A32DF58E300E /* Pods_AppIncubatorDemo.framework */,
			);
			name = Frameworks;
			sourceTree = "<group>";
		};
		CE6BDEB1F29595BE918605D8 /* Pods */ = {
			isa = PBXGroup;
			children = (
				33D489AC6F7EBADB75A132DE /* Pods-AppIncubatorDemo.debug.xcconfig */,
				5386890B0652A031497B314C /* Pods-AppIncubatorDemo.release.xcconfig */,
			);
			path = Pods;
			sourceTree = "<group>";
		};
/* End PBXGroup section */

/* Begin PBXNativeTarget section */
		186B273A27F734790049B73B /* AppIncubatorDemo */ = {
			isa = PBXNativeTarget;
			buildConfigurationList = 186B274F27F7347A0049B73B /* Build configuration list for PBXNativeTarget "AppIncubatorDemo" */;
			buildPhases = (
				812DB1B9EA3CD50A79F0EF52 /* [CP] Check Pods Manifest.lock */,
				186B273727F734790049B73B /* Sources */,
				186B273827F734790049B73B /* Frameworks */,
				186B273927F734790049B73B /* Resources */,
				DB930559063DD6A51029F8C5 /* [CP] Embed Pods Frameworks */,
			);
			buildRules = (
			);
			dependencies = (
			);
			name = AppIncubatorDemo;
			productName = AppIncubatorDemo;
			productReference = 186B273B27F734790049B73B /* AppIncubatorDemo.app */;
			productType = "com.apple.product-type.application";
		};
/* End PBXNativeTarget section */

/* Begin PBXProject section */
		186B273327F734790049B73B /* Project object */ = {
			isa = PBXProject;
			attributes = {
				BuildIndependentTargetsInParallel = 1;
				LastSwiftUpdateCheck = 1320;
				LastUpgradeCheck = 1320;
				TargetAttributes = {
					186B273A27F734790049B73B = {
						CreatedOnToolsVersion = 13.2.1;
					};
				};
			};
			buildConfigurationList = 186B273627F734790049B73B /* Build configuration list for PBXProject "AppIncubatorDemo" */;
			compatibilityVersion = "Xcode 13.0";
			developmentRegion = en;
			hasScannedForEncodings = 0;
			knownRegions = (
				en,
				Base,
			);
			mainGroup = 186B273227F734790049B73B;
			productRefGroup = 186B273C27F734790049B73B /* Products */;
			projectDirPath = "";
			projectRoot = "";
			targets = (
				186B273A27F734790049B73B /* AppIncubatorDemo */,
			);
		};
/* End PBXProject section */

/* Begin PBXResourcesBuildPhase section */
		186B273927F734790049B73B /* Resources */ = {
			isa = PBXResourcesBuildPhase;
			buildActionMask = 2147483647;
			files = (
				186B274B27F7347A0049B73B /* LaunchScreen.storyboard in Resources */,
				186B274827F7347A0049B73B /* Assets.xcassets in Resources */,
				186B274627F734790049B73B /* Main.storyboard in Resources */,
				185030D927F82DA500C87B8A /* ImageDataJsonFile.json in Resources */,
			);
			runOnlyForDeploymentPostprocessing = 0;
		};
/* End PBXResourcesBuildPhase section */

/* Begin PBXShellScriptBuildPhase section */
		812DB1B9EA3CD50A79F0EF52 /* [CP] Check Pods Manifest.lock */ = {
			isa = PBXShellScriptBuildPhase;
			buildActionMask = 2147483647;
			files = (
			);
			inputFileListPaths = (
			);
			inputPaths = (
				"${PODS_PODFILE_DIR_PATH}/Podfile.lock",
				"${PODS_ROOT}/Manifest.lock",
			);
			name = "[CP] Check Pods Manifest.lock";
			outputFileListPaths = (
			);
			outputPaths = (
				"$(DERIVED_FILE_DIR)/Pods-AppIncubatorDemo-checkManifestLockResult.txt",
			);
			runOnlyForDeploymentPostprocessing = 0;
			shellPath = /bin/sh;
			shellScript = "diff \"${PODS_PODFILE_DIR_PATH}/Podfile.lock\" \"${PODS_ROOT}/Manifest.lock\" > /dev/null\nif [ $? != 0 ] ; then\n    # print error to STDERR\n    echo \"error: The sandbox is not in sync with the Podfile.lock. Run 'pod install' or update your CocoaPods installation.\" >&2\n    exit 1\nfi\n# This output is used by Xcode 'outputs' to avoid re-running this script phase.\necho \"SUCCESS\" > \"${SCRIPT_OUTPUT_FILE_0}\"\n";
			showEnvVarsInLog = 0;
		};
		DB930559063DD6A51029F8C5 /* [CP] Embed Pods Frameworks */ = {
			isa = PBXShellScriptBuildPhase;
			buildActionMask = 2147483647;
			files = (
			);
			inputFileListPaths = (
				"${PODS_ROOT}/Target Support Files/Pods-AppIncubatorDemo/Pods-AppIncubatorDemo-frameworks-${CONFIGURATION}-input-files.xcfilelist",
			);
			name = "[CP] Embed Pods Frameworks";
			outputFileListPaths = (
				"${PODS_ROOT}/Target Support Files/Pods-AppIncubatorDemo/Pods-AppIncubatorDemo-frameworks-${CONFIGURATION}-output-files.xcfilelist",
			);
			runOnlyForDeploymentPostprocessing = 0;
			shellPath = /bin/sh;
			shellScript = "\"${PODS_ROOT}/Target Support Files/Pods-AppIncubatorDemo/Pods-AppIncubatorDemo-frameworks.sh\"\n";
			showEnvVarsInLog = 0;
		};
/* End PBXShellScriptBuildPhase section */

/* Begin PBXSourcesBuildPhase section */
		186B273727F734790049B73B /* Sources */ = {
			isa = PBXSourcesBuildPhase;
			buildActionMask = 2147483647;
			files = (
				186B274327F734790049B73B /* ViewController.swift in Sources */,
				186B273F27F734790049B73B /* AppDelegate.swift in Sources */,
				186B275327F73C8E0049B73B /* LanguageConstantModelProtocol.swift in Sources */,
				186B275527F746E70049B73B /* image_TableViewCell.swift in Sources */,
				186B275727F746FD0049B73B /* image_CollectionViewCell.swift in Sources */,
				185030DB27F8303E00C87B8A /* ImageDataModel.swift in Sources */,
				185030DD27F8310200C87B8A /* ViewModel.swift in Sources */,
				186B274127F734790049B73B /* SceneDelegate.swift in Sources */,
			);
			runOnlyForDeploymentPostprocessing = 0;
		};
/* End PBXSourcesBuildPhase section */

/* Begin PBXVariantGroup section */
		186B274427F734790049B73B /* Main.storyboard */ = {
			isa = PBXVariantGroup;
			children = (
				186B274527F734790049B73B /* Base */,
			);
			name = Main.storyboard;
			sourceTree = "<group>";
		};
		186B274927F7347A0049B73B /* LaunchScreen.storyboard */ = {
			isa = PBXVariantGroup;
			children = (
				186B274A27F7347A0049B73B /* Base */,
			);
			name = LaunchScreen.storyboard;
			sourceTree = "<group>";
		};
/* End PBXVariantGroup section */

/* Begin XCBuildConfiguration section */
		186B274D27F7347A0049B73B /* Debug */ = {
			isa = XCBuildConfiguration;
			buildSettings = {
				ALWAYS_SEARCH_USER_PATHS = NO;
				CLANG_ANALYZER_NONNULL = YES;
				CLANG_ANALYZER_NUMBER_OBJECT_CONVERSION = YES_AGGRESSIVE;
				CLANG_CXX_LANGUAGE_STANDARD = "gnu++17";
				CLANG_CXX_LIBRARY = "libc++";
				CLANG_ENABLE_MODULES = YES;
				CLANG_ENABLE_OBJC_ARC = YES;
				CLANG_ENABLE_OBJC_WEAK = YES;
				CLANG_WARN_BLOCK_CAPTURE_AUTORELEASING = YES;
				CLANG_WARN_BOOL_CONVERSION = YES;
				CLANG_WARN_COMMA = YES;
				CLANG_WARN_CONSTANT_CONVERSION = YES;
				CLANG_WARN_DEPRECATED_OBJC_IMPLEMENTATIONS = YES;
				CLANG_WARN_DIRECT_OBJC_ISA_USAGE = YES_ERROR;
				CLANG_WARN_DOCUMENTATION_COMMENTS = YES;
				CLANG_WARN_EMPTY_BODY = YES;
				CLANG_WARN_ENUM_CONVERSION = YES;
				CLANG_WARN_INFINITE_RECURSION = YES;
				CLANG_WARN_INT_CONVERSION = YES;
				CLANG_WARN_NON_LITERAL_NULL_CONVERSION = YES;
				CLANG_WARN_OBJC_IMPLICIT_RETAIN_SELF = YES;
				CLANG_WARN_OBJC_LITERAL_CONVERSION = YES;
				CLANG_WARN_OBJC_ROOT_CLASS = YES_ERROR;
				CLANG_WARN_QUOTED_INCLUDE_IN_FRAMEWORK_HEADER = YES;
				CLANG_WARN_RANGE_LOOP_ANALYSIS = YES;
				CLANG_WARN_STRICT_PROTOTYPES = YES;
				CLANG_WARN_SUSPICIOUS_MOVE = YES;
				CLANG_WARN_UNGUARDED_AVAILABILITY = YES_AGGRESSIVE;
				CLANG_WARN_UNREACHABLE_CODE = YES;
				CLANG_WARN__DUPLICATE_METHOD_MATCH = YES;
				COPY_PHASE_STRIP = NO;
				DEBUG_INFORMATION_FORMAT = dwarf;
				ENABLE_STRICT_OBJC_MSGSEND = YES;
				ENABLE_TESTABILITY = YES;
				GCC_C_LANGUAGE_STANDARD = gnu11;
				GCC_DYNAMIC_NO_PIC = NO;
				GCC_NO_COMMON_BLOCKS = YES;
				GCC_OPTIMIZATION_LEVEL = 0;
				GCC_PREPROCESSOR_DEFINITIONS = (
					"DEBUG=1",
					"$(inherited)",
				);
				GCC_WARN_64_TO_32_BIT_CONVERSION = YES;
				GCC_WARN_ABOUT_RETURN_TYPE = YES_ERROR;
				GCC_WARN_UNDECLARED_SELECTOR = YES;
				GCC_WARN_UNINITIALIZED_AUTOS = YES_AGGRESSIVE;
				GCC_WARN_UNUSED_FUNCTION = YES;
				GCC_WARN_UNUSED_VARIABLE = YES;
				IPHONEOS_DEPLOYMENT_TARGET = 13.0;
				MTL_ENABLE_DEBUG_INFO = INCLUDE_SOURCE;
				MTL_FAST_MATH = YES;
				ONLY_ACTIVE_ARCH = YES;
				SDKROOT = iphoneos;
				SWIFT_ACTIVE_COMPILATION_CONDITIONS = DEBUG;
				SWIFT_OPTIMIZATION_LEVEL = "-Onone";
			};
			name = Debug;
		};
		186B274E27F7347A0049B73B /* Release */ = {
			isa = XCBuildConfiguration;
			buildSettings = {
				ALWAYS_SEARCH_USER_PATHS = NO;
				CLANG_ANALYZER_NONNULL = YES;
				CLANG_ANALYZER_NUMBER_OBJECT_CONVERSION = YES_AGGRESSIVE;
				CLANG_CXX_LANGUAGE_STANDARD = "gnu++17";
				CLANG_CXX_LIBRARY = "libc++";
				CLANG_ENABLE_MODULES = YES;
				CLANG_ENABLE_OBJC_ARC = YES;
				CLANG_ENABLE_OBJC_WEAK = YES;
				CLANG_WARN_BLOCK_CAPTURE_AUTORELEASING = YES;
				CLANG_WARN_BOOL_CONVERSION = YES;
				CLANG_WARN_COMMA = YES;
				CLANG_WARN_CONSTANT_CONVERSION = YES;
				CLANG_WARN_DEPRECATED_OBJC_IMPLEMENTATIONS = YES;
				CLANG_WARN_DIRECT_OBJC_ISA_USAGE = YES_ERROR;
				CLANG_WARN_DOCUMENTATION_COMMENTS = YES;
				CLANG_WARN_EMPTY_BODY = YES;
				CLANG_WARN_ENUM_CONVERSION = YES;
				CLANG_WARN_INFINITE_RECURSION = YES;
				CLANG_WARN_INT_CONVERSION = YES;
				CLANG_WARN_NON_LITERAL_NULL_CONVERSION = YES;
				CLANG_WARN_OBJC_IMPLICIT_RETAIN_SELF = YES;
				CLANG_WARN_OBJC_LITERAL_CONVERSION = YES;
				CLANG_WARN_OBJC_ROOT_CLASS = YES_ERROR;
				CLANG_WARN_QUOTED_INCLUDE_IN_FRAMEWORK_HEADER = YES;
				CLANG_WARN_RANGE_LOOP_ANALYSIS = YES;
				CLANG_WARN_STRICT_PROTOTYPES = YES;
				CLANG_WARN_SUSPICIOUS_MOVE = YES;
				CLANG_WARN_UNGUARDED_AVAILABILITY = YES_AGGRESSIVE;
				CLANG_WARN_UNREACHABLE_CODE = YES;
				CLANG_WARN__DUPLICATE_METHOD_MATCH = YES;
				COPY_PHASE_STRIP = NO;
				DEBUG_INFORMATION_FORMAT = "dwarf-with-dsym";
				ENABLE_NS_ASSERTIONS = NO;
				ENABLE_STRICT_OBJC_MSGSEND = YES;
				GCC_C_LANGUAGE_STANDARD = gnu11;
				GCC_NO_COMMON_BLOCKS = YES;
				GCC_WARN_64_TO_32_BIT_CONVERSION = YES;
				GCC_WARN_ABOUT_RETURN_TYPE = YES_ERROR;
				GCC_WARN_UNDECLARED_SELECTOR = YES;
				GCC_WARN_UNINITIALIZED_AUTOS = YES_AGGRESSIVE;
				GCC_WARN_UNUSED_FUNCTION = YES;
				GCC_WARN_UNUSED_VARIABLE = YES;
				IPHONEOS_DEPLOYMENT_TARGET = 13.0;
				MTL_ENABLE_DEBUG_INFO = NO;
				MTL_FAST_MATH = YES;
				SDKROOT = iphoneos;
				SWIFT_COMPILATION_MODE = wholemodule;
				SWIFT_OPTIMIZATION_LEVEL = "-O";
				VALIDATE_PRODUCT = YES;
			};
			name = Release;
		};
		186B275027F7347A0049B73B /* Debug */ = {
			isa = XCBuildConfiguration;
			baseConfigurationReference = 33D489AC6F7EBADB75A132DE /* Pods-AppIncubatorDemo.debug.xcconfig */;
			buildSettings = {
				ASSETCATALOG_COMPILER_APPICON_NAME = AppIcon;
				ASSETCATALOG_COMPILER_GLOBAL_ACCENT_COLOR_NAME = AccentColor;
				CODE_SIGN_STYLE = Automatic;
				CURRENT_PROJECT_VERSION = 1;
				DEVELOPMENT_TEAM = D2W8J6W568;
				GENERATE_INFOPLIST_FILE = YES;
				INFOPLIST_FILE = AppIncubatorDemo/Info.plist;
				INFOPLIST_KEY_UIApplicationSupportsIndirectInputEvents = YES;
				INFOPLIST_KEY_UILaunchStoryboardName = LaunchScreen;
				INFOPLIST_KEY_UIMainStoryboardFile = Main;
				INFOPLIST_KEY_UISupportedInterfaceOrientations = UIInterfaceOrientationPortrait;
				INFOPLIST_KEY_UISupportedInterfaceOrientations_iPad = "UIInterfaceOrientationPortrait UIInterfaceOrientationPortraitUpsideDown UIInterfaceOrientationLandscapeLeft UIInterfaceOrientationLandscapeRight";
				INFOPLIST_KEY_UISupportedInterfaceOrientations_iPhone = "UIInterfaceOrientationPortrait UIInterfaceOrientationLandscapeLeft UIInterfaceOrientationLandscapeRight";
				LD_RUNPATH_SEARCH_PATHS = (
					"$(inherited)",
					"@executable_path/Frameworks",
				);
				MARKETING_VERSION = 1.0;
				PRODUCT_BUNDLE_IDENTIFIER = com.Anushree.AppIncubatorDemo;
				PRODUCT_NAME = "$(TARGET_NAME)";
				SWIFT_EMIT_LOC_STRINGS = YES;
				SWIFT_VERSION = 5.0;
				TARGETED_DEVICE_FAMILY = 1;
			};
			name = Debug;
		};
		186B275127F7347A0049B73B /* Release */ = {
			isa = XCBuildConfiguration;
			baseConfigurationReference = 5386890B0652A031497B314C /* Pods-AppIncubatorDemo.release.xcconfig */;
			buildSettings = {
				ASSETCATALOG_COMPILER_APPICON_NAME = AppIcon;
				ASSETCATALOG_COMPILER_GLOBAL_ACCENT_COLOR_NAME = AccentColor;
				CODE_SIGN_STYLE = Automatic;
				CURRENT_PROJECT_VERSION = 1;
				DEVELOPMENT_TEAM = D2W8J6W568;
				GENERATE_INFOPLIST_FILE = YES;
				INFOPLIST_FILE = AppIncubatorDemo/Info.plist;
				INFOPLIST_KEY_UIApplicationSupportsIndirectInputEvents = YES;
				INFOPLIST_KEY_UILaunchStoryboardName = LaunchScreen;
				INFOPLIST_KEY_UIMainStoryboardFile = Main;
				INFOPLIST_KEY_UISupportedInterfaceOrientations = UIInterfaceOrientationPortrait;
				INFOPLIST_KEY_UISupportedInterfaceOrientations_iPad = "UIInterfaceOrientationPortrait UIInterfaceOrientationPortraitUpsideDown UIInterfaceOrientationLandscapeLeft UIInterfaceOrientationLandscapeRight";
				INFOPLIST_KEY_UISupportedInterfaceOrientations_iPhone = "UIInterfaceOrientationPortrait UIInterfaceOrientationLandscapeLeft UIInterfaceOrientationLandscapeRight";
				LD_RUNPATH_SEARCH_PATHS = (
					"$(inherited)",
					"@executable_path/Frameworks",
				);
				MARKETING_VERSION = 1.0;
				PRODUCT_BUNDLE_IDENTIFIER = com.Anushree.AppIncubatorDemo;
				PRODUCT_NAME = "$(TARGET_NAME)";
				SWIFT_EMIT_LOC_STRINGS = YES;
				SWIFT_VERSION = 5.0;
				TARGETED_DEVICE_FAMILY = 1;
			};
			name = Release;
		};
/* End XCBuildConfiguration section */

/* Begin XCConfigurationList section */
		186B273627F734790049B73B /* Build configuration list for PBXProject "AppIncubatorDemo" */ = {
			isa = XCConfigurationList;
			buildConfigurations = (
				186B274D27F7347A0049B73B /* Debug */,
				186B274E27F7347A0049B73B /* Release */,
			);
			defaultConfigurationIsVisible = 0;
			defaultConfigurationName = Release;
		};
		186B274F27F7347A0049B73B /* Build configuration list for PBXNativeTarget "AppIncubatorDemo" */ = {
			isa = XCConfigurationList;
			buildConfigurations = (
				186B275027F7347A0049B73B /* Debug */,
				186B275127F7347A0049B73B /* Release */,
			);
			defaultConfigurationIsVisible = 0;
			defaultConfigurationName = Release;
		};
/* End XCConfigurationList section */
	};
	rootObject = 186B273327F734790049B73B /* Project object */;
}
